
Microsoft Visual Studio Solution File, Format Version 11.00
# Visual Studio 2010
Project("{FAE04EC0-301F-11D3-BF4B-00C04F79EFBC}") = "AMS", "AMS\AMS.csproj", "{28D3333C-E478-4088-82CC-6972410F5E66}"
EndProject
Project("{FAE04EC0-301F-11D3-BF4B-00C04F79EFBC}") = "AMS_SuperAdmin", "AMS_SuperAdmin\AMS_SuperAdmin.csproj", "{4A07C977-3E04-4ED2-B4C5-E7BD1F3381C4}"
EndProject
Project("{2150E333-8FDC-42A3-9474-1A3956D46DE8}") = "Service", "Service", "{17E653EE-6D9A-4D24-9E81-6432063F2F87}"
EndProject
Project("{2150E333-8FDC-42A3-9474-1A3956D46DE8}") = "AMSServices", "AMSServices", "{B764EC48-6C52-4949-9E13-56652D7965F8}"
EndProject
Project("{FAE04EC0-301F-11D3-BF4B-00C04F79EFBC}") = "UserService", "UserService\UserService.csproj", "{3EEE0965-2165-438A-9BE0-FBE96747C571}"
EndProject
Project("{FAE04EC0-301F-11D3-BF4B-00C04F79EFBC}") = "AMSEntityServices", "AMSEntityServices\AMSEntityServices.csproj", "{4FDB17C7-6956-4C06-81F8-7735FB4A1D30}"
EndProject
Project("{FAE04EC0-301F-11D3-BF4B-00C04F79EFBC}") = "AMSEntityAdapters", "AMSEntityAdapters\AMSEntityAdapters.csproj", "{D3E2A4CB-1ED6-4CC5-94CC-D66F62EA2E77}"
EndProject
Project("{FAE04EC0-301F-11D3-BF4B-00C04F79EFBC}") = "AMSDataContracts", "AMSDataContracts\AMSDataContracts.csproj", "{8618EB94-3678-4C0D-9E14-05FB7C2F38A8}"
EndProject
Project("{FAE04EC0-301F-11D3-BF4B-00C04F79EFBC}") = "AMSServiceContracts", "AMSServiceContracts\AMSServiceContracts.csproj", "{FFB997EE-9978-44EB-8664-905B7E65C73A}"
EndProject
Global
	GlobalSection(SolutionConfigurationPlatforms) = preSolution
		Debug|Any CPU = Debug|Any CPU
		Release|Any CPU = Release|Any CPU
	EndGlobalSection
	GlobalSection(ProjectConfigurationPlatforms) = postSolution
		{28D3333C-E478-4088-82CC-6972410F5E66}.Debug|Any CPU.ActiveCfg = Debug|Any CPU
		{28D3333C-E478-4088-82CC-6972410F5E66}.Debug|Any CPU.Build.0 = Debug|Any CPU
		{28D3333C-E478-4088-82CC-6972410F5E66}.Release|Any CPU.ActiveCfg = Release|Any CPU
		{28D3333C-E478-4088-82CC-6972410F5E66}.Release|Any CPU.Build.0 = Release|Any CPU
		{4A07C977-3E04-4ED2-B4C5-E7BD1F3381C4}.Debug|Any CPU.ActiveCfg = Debug|Any CPU
		{4A07C977-3E04-4ED2-B4C5-E7BD1F3381C4}.Debug|Any CPU.Build.0 = Debug|Any CPU
		{4A07C977-3E04-4ED2-B4C5-E7BD1F3381C4}.Release|Any CPU.ActiveCfg = Release|Any CPU
		{4A07C977-3E04-4ED2-B4C5-E7BD1F3381C4}.Release|Any CPU.Build.0 = Release|Any CPU
		{3EEE0965-2165-438A-9BE0-FBE96747C571}.Debug|Any CPU.ActiveCfg = Debug|Any CPU
		{3EEE0965-2165-438A-9BE0-FBE96747C571}.Debug|Any CPU.Build.0 = Debug|Any CPU
		{3EEE0965-2165-438A-9BE0-FBE96747C571}.Release|Any CPU.ActiveCfg = Release|Any CPU
		{3EEE0965-2165-438A-9BE0-FBE96747C571}.Release|Any CPU.Build.0 = Release|Any CPU
		{4FDB17C7-6956-4C06-81F8-7735FB4A1D30}.Debug|Any CPU.ActiveCfg = Debug|Any CPU
		{4FDB17C7-6956-4C06-81F8-7735FB4A1D30}.Debug|Any CPU.Build.0 = Debug|Any CPU
		{4FDB17C7-6956-4C06-81F8-7735FB4A1D30}.Release|Any CPU.ActiveCfg = Release|Any CPU
		{4FDB17C7-6956-4C06-81F8-7735FB4A1D30}.Release|Any CPU.Build.0 = Release|Any CPU
		{D3E2A4CB-1ED6-4CC5-94CC-D66F62EA2E77}.Debug|Any CPU.ActiveCfg = Debug|Any CPU
		{D3E2A4CB-1ED6-4CC5-94CC-D66F62EA2E77}.Debug|Any CPU.Build.0 = Debug|Any CPU
		{D3E2A4CB-1ED6-4CC5-94CC-D66F62EA2E77}.Release|Any CPU.ActiveCfg = Release|Any CPU
		{D3E2A4CB-1ED6-4CC5-94CC-D66F62EA2E77}.Release|Any CPU.Build.0 = Release|Any CPU
		{8618EB94-3678-4C0D-9E14-05FB7C2F38A8}.Debug|Any CPU.ActiveCfg = Debug|Any CPU
		{8618EB94-3678-4C0D-9E14-05FB7C2F38A8}.Debug|Any CPU.Build.0 = Debug|Any CPU
		{8618EB94-3678-4C0D-9E14-05FB7C2F38A8}.Release|Any CPU.ActiveCfg = Release|Any CPU
		{8618EB94-3678-4C0D-9E14-05FB7C2F38A8}.Release|Any CPU.Build.0 = Release|Any CPU
		{FFB997EE-9978-44EB-8664-905B7E65C73A}.Debug|Any CPU.ActiveCfg = Debug|Any CPU
		{FFB997EE-9978-44EB-8664-905B7E65C73A}.Debug|Any CPU.Build.0 = Debug|Any CPU
		{FFB997EE-9978-44EB-8664-905B7E65C73A}.Release|Any CPU.ActiveCfg = Release|Any CPU
		{FFB997EE-9978-44EB-8664-905B7E65C73A}.Release|Any CPU.Build.0 = Release|Any CPU
	EndGlobalSection
	GlobalSection(SolutionProperties) = preSolution
		HideSolutionNode = FALSE
	EndGlobalSection
	GlobalSection(NestedProjects) = preSolution
		{B764EC48-6C52-4949-9E13-56652D7965F8} = {17E653EE-6D9A-4D24-9E81-6432063F2F87}
		{4FDB17C7-6956-4C06-81F8-7735FB4A1D30} = {17E653EE-6D9A-4D24-9E81-6432063F2F87}
		{D3E2A4CB-1ED6-4CC5-94CC-D66F62EA2E77} = {17E653EE-6D9A-4D24-9E81-6432063F2F87}
		{8618EB94-3678-4C0D-9E14-05FB7C2F38A8} = {17E653EE-6D9A-4D24-9E81-6432063F2F87}
		{FFB997EE-9978-44EB-8664-905B7E65C73A} = {17E653EE-6D9A-4D24-9E81-6432063F2F87}
		{3EEE0965-2165-438A-9BE0-FBE96747C571} = {B764EC48-6C52-4949-9E13-56652D7965F8}
	EndGlobalSection
EndGlobal
